
Microsoft Visual Studio Solution File, Format Version 12.00
# Visual Studio Version 17
VisualStudioVersion = 17.0.31903.59
MinimumVisualStudioVersion = 10.0.40219.1
Project("{2150E333-8FDC-42A3-9474-1A3956D46DE8}") = "src", "src", "{827E0CD3-B72D-47B6-A68D-7590B98EB39B}"
EndProject
Project("{FAE04EC0-301F-11D3-BF4B-00C04F79EFBC}") = "ProfileGenie.Core", "src\ProfileGenie.Core\ProfileGenie.Core.csproj", "{34B747F8-CE49-4F10-9794-BCA6D8F9E697}"
EndProject
Project("{FAE04EC0-301F-11D3-BF4B-00C04F79EFBC}") = "ProfileGenie.Data", "src\ProfileGenie.Data\ProfileGenie.Data.csproj", "{D3A7F1C9-E5B2-4A8F-9D6E-1C3B5A7F9D2E}"
EndProject
Project("{FAE04EC0-301F-11D3-BF4B-00C04F79EFBC}") = "ProfileGenie.ApiService", "src\ProfileGenie.ApiService\ProfileGenie.ApiService.csproj", "{F9C5A3E7-B1D4-4C8E-A2F6-3B5D7C9E1A3F}"
EndProject
Project("{FAE04EC0-301F-11D3-BF4B-00C04F79EFBC}") = "ProfileGenie.PlaywrightService", "src\ProfileGenie.PlaywrightService\ProfileGenie.PlaywrightService.csproj", "{E7B3D1F5-A9C4-4E8B-D2F0-5A7C9E1B3D5F}"
EndProject
Project("{FAE04EC0-301F-11D3-BF4B-00C04F79EFBC}") = "ProfileGenie.Web", "src\ProfileGenie.Web\ProfileGenie.Web.csproj", "{C1E9B5D3-F7A2-4D8C-E0B4-7C9A1E3B5D7C}"
EndProject
Project("{FAE04EC0-301F-11D3-BF4B-00C04F79EFBC}") = "ProfileGenie.Shared", "src\ProfileGenie.Shared\ProfileGenie.Shared.csproj", "{8DE325B7-0565-4769-B8E1-B1F0FBCF173F}"
EndProject
Project("{FAE04EC0-301F-11D3-BF4B-00C04F79EFBC}") = "ProfileGenie.AppHost", "src\ProfileGenie.AppHost\ProfileGenie.AppHost.csproj", "{B00870E8-DF85-4376-8814-67FEE79DA647}"
EndProject
Project("{FAE04EC0-301F-11D3-BF4B-00C04F79EFBC}") = "ProfileGenie.ServiceDefaults", "src\ProfileGenie.ServiceDefaults\ProfileGenie.ServiceDefaults.csproj", "{184CEFD3-3784-4286-88A7-16536FD8F558}"
EndProject
Project("{2150E333-8FDC-42A3-9474-1A3956D46DE8}") = "tests", "tests", "{0AB3BF05-4346-4AA6-1389-037BE0695223}"
EndProject
Project("{FAE04EC0-301F-11D3-BF4B-00C04F79EFBC}") = "ProfileGenie.Core.Tests", "tests\ProfileGenie.Core.Tests\ProfileGenie.Core.Tests.csproj", "{AC21B3C3-9D2E-4F5F-AB77-73D6E9B5E844}"
EndProject
Project("{FAE04EC0-301F-11D3-BF4B-00C04F79EFBC}") = "ProfileGenie.ApiService.Tests", "tests\ProfileGenie.ApiService.Tests\ProfileGenie.ApiService.Tests.csproj", "{A5D3F1B9-C7E4-4A8D-F2C0-3E5B7D9F1A3E}"
EndProject
Project("{FAE04EC0-301F-11D3-BF4B-00C04F79EFBC}") = "ProfileGenie.Web.Tests", "tests\ProfileGenie.Web.Tests\ProfileGenie.Web.Tests.csproj", "{B9E5C3A7-D1F6-4B8A-C4E2-9D1F3B5A7C9D}"
EndProject
Global
	GlobalSection(SolutionConfigurationPlatforms) = preSolution
		Debug|Any CPU = Debug|Any CPU
		Debug|x64 = Debug|x64
		Debug|x86 = Debug|x86
		Release|Any CPU = Release|Any CPU
		Release|x64 = Release|x64
		Release|x86 = Release|x86
	EndGlobalSection
	GlobalSection(ProjectConfigurationPlatforms) = postSolution
		{34B747F8-CE49-4F10-9794-BCA6D8F9E697}.Debug|Any CPU.ActiveCfg = Debug|Any CPU
		{34B747F8-CE49-4F10-9794-BCA6D8F9E697}.Debug|Any CPU.Build.0 = Debug|Any CPU
		{34B747F8-CE49-4F10-9794-BCA6D8F9E697}.Debug|x64.ActiveCfg = Debug|Any CPU
		{34B747F8-CE49-4F10-9794-BCA6D8F9E697}.Debug|x64.Build.0 = Debug|Any CPU
		{34B747F8-CE49-4F10-9794-BCA6D8F9E697}.Debug|x86.ActiveCfg = Debug|Any CPU
		{34B747F8-CE49-4F10-9794-BCA6D8F9E697}.Debug|x86.Build.0 = Debug|Any CPU
		{34B747F8-CE49-4F10-9794-BCA6D8F9E697}.Release|Any CPU.ActiveCfg = Release|Any CPU
		{34B747F8-CE49-4F10-9794-BCA6D8F9E697}.Release|Any CPU.Build.0 = Release|Any CPU
		{34B747F8-CE49-4F10-9794-BCA6D8F9E697}.Release|x64.ActiveCfg = Release|Any CPU
		{34B747F8-CE49-4F10-9794-BCA6D8F9E697}.Release|x64.Build.0 = Release|Any CPU
		{34B747F8-CE49-4F10-9794-BCA6D8F9E697}.Release|x86.ActiveCfg = Release|Any CPU
		{34B747F8-CE49-4F10-9794-BCA6D8F9E697}.Release|x86.Build.0 = Release|Any CPU
		{D3A7F1C9-E5B2-4A8F-9D6E-1C3B5A7F9D2E}.Debug|Any CPU.ActiveCfg = Debug|Any CPU
		{D3A7F1C9-E5B2-4A8F-9D6E-1C3B5A7F9D2E}.Debug|Any CPU.Build.0 = Debug|Any CPU
		{D3A7F1C9-E5B2-4A8F-9D6E-1C3B5A7F9D2E}.Debug|x64.ActiveCfg = Debug|Any CPU
		{D3A7F1C9-E5B2-4A8F-9D6E-1C3B5A7F9D2E}.Debug|x64.Build.0 = Debug|Any CPU
		{D3A7F1C9-E5B2-4A8F-9D6E-1C3B5A7F9D2E}.Debug|x86.ActiveCfg = Debug|Any CPU
		{D3A7F1C9-E5B2-4A8F-9D6E-1C3B5A7F9D2E}.Debug|x86.Build.0 = Debug|Any CPU
		{D3A7F1C9-E5B2-4A8F-9D6E-1C3B5A7F9D2E}.Release|Any CPU.ActiveCfg = Release|Any CPU
		{D3A7F1C9-E5B2-4A8F-9D6E-1C3B5A7F9D2E}.Release|Any CPU.Build.0 = Release|Any CPU
		{D3A7F1C9-E5B2-4A8F-9D6E-1C3B5A7F9D2E}.Release|x64.ActiveCfg = Release|Any CPU
		{D3A7F1C9-E5B2-4A8F-9D6E-1C3B5A7F9D2E}.Release|x64.Build.0 = Release|Any CPU
		{D3A7F1C9-E5B2-4A8F-9D6E-1C3B5A7F9D2E}.Release|x86.ActiveCfg = Release|Any CPU
		{D3A7F1C9-E5B2-4A8F-9D6E-1C3B5A7F9D2E}.Release|x86.Build.0 = Release|Any CPU
		{F9C5A3E7-B1D4-4C8E-A2F6-3B5D7C9E1A3F}.Debug|Any CPU.ActiveCfg = Debug|Any CPU
		{F9C5A3E7-B1D4-4C8E-A2F6-3B5D7C9E1A3F}.Debug|Any CPU.Build.0 = Debug|Any CPU
		{F9C5A3E7-B1D4-4C8E-A2F6-3B5D7C9E1A3F}.Debug|x64.ActiveCfg = Debug|Any CPU
		{F9C5A3E7-B1D4-4C8E-A2F6-3B5D7C9E1A3F}.Debug|x64.Build.0 = Debug|Any CPU
		{F9C5A3E7-B1D4-4C8E-A2F6-3B5D7C9E1A3F}.Debug|x86.ActiveCfg = Debug|Any CPU
		{F9C5A3E7-B1D4-4C8E-A2F6-3B5D7C9E1A3F}.Debug|x86.Build.0 = Debug|Any CPU
		{F9C5A3E7-B1D4-4C8E-A2F6-3B5D7C9E1A3F}.Release|Any CPU.ActiveCfg = Release|Any CPU
		{F9C5A3E7-B1D4-4C8E-A2F6-3B5D7C9E1A3F}.Release|Any CPU.Build.0 = Release|Any CPU
		{F9C5A3E7-B1D4-4C8E-A2F6-3B5D7C9E1A3F}.Release|x64.ActiveCfg = Release|Any CPU
		{F9C5A3E7-B1D4-4C8E-A2F6-3B5D7C9E1A3F}.Release|x64.Build.0 = Release|Any CPU
		{F9C5A3E7-B1D4-4C8E-A2F6-3B5D7C9E1A3F}.Release|x86.ActiveCfg = Release|Any CPU
		{F9C5A3E7-B1D4-4C8E-A2F6-3B5D7C9E1A3F}.Release|x86.Build.0 = Release|Any CPU
		{E7B3D1F5-A9C4-4E8B-D2F0-5A7C9E1B3D5F}.Debug|Any CPU.ActiveCfg = Debug|Any CPU
		{E7B3D1F5-A9C4-4E8B-D2F0-5A7C9E1B3D5F}.Debug|Any CPU.Build.0 = Debug|Any CPU
		{E7B3D1F5-A9C4-4E8B-D2F0-5A7C9E1B3D5F}.Debug|x64.ActiveCfg = Debug|Any CPU
		{E7B3D1F5-A9C4-4E8B-D2F0-5A7C9E1B3D5F}.Debug|x64.Build.0 = Debug|Any CPU
		{E7B3D1F5-A9C4-4E8B-D2F0-5A7C9E1B3D5F}.Debug|x86.ActiveCfg = Debug|Any CPU
		{E7B3D1F5-A9C4-4E8B-D2F0-5A7C9E1B3D5F}.Debug|x86.Build.0 = Debug|Any CPU
		{E7B3D1F5-A9C4-4E8B-D2F0-5A7C9E1B3D5F}.Release|Any CPU.ActiveCfg = Release|Any CPU
		{E7B3D1F5-A9C4-4E8B-D2F0-5A7C9E1B3D5F}.Release|Any CPU.Build.0 = Release|Any CPU
		{E7B3D1F5-A9C4-4E8B-D2F0-5A7C9E1B3D5F}.Release|x64.ActiveCfg = Release|Any CPU
		{E7B3D1F5-A9C4-4E8B-D2F0-5A7C9E1B3D5F}.Release|x64.Build.0 = Release|Any CPU
		{E7B3D1F5-A9C4-4E8B-D2F0-5A7C9E1B3D5F}.Release|x86.ActiveCfg = Release|Any CPU
		{E7B3D1F5-A9C4-4E8B-D2F0-5A7C9E1B3D5F}.Release|x86.Build.0 = Release|Any CPU
		{C1E9B5D3-F7A2-4D8C-E0B4-7C9A1E3B5D7C}.Debug|Any CPU.ActiveCfg = Debug|Any CPU
		{C1E9B5D3-F7A2-4D8C-E0B4-7C9A1E3B5D7C}.Debug|Any CPU.Build.0 = Debug|Any CPU
		{C1E9B5D3-F7A2-4D8C-E0B4-7C9A1E3B5D7C}.Debug|x64.ActiveCfg = Debug|Any CPU
		{C1E9B5D3-F7A2-4D8C-E0B4-7C9A1E3B5D7C}.Debug|x64.Build.0 = Debug|Any CPU
		{C1E9B5D3-F7A2-4D8C-E0B4-7C9A1E3B5D7C}.Debug|x86.ActiveCfg = Debug|Any CPU
		{C1E9B5D3-F7A2-4D8C-E0B4-7C9A1E3B5D7C}.Debug|x86.Build.0 = Debug|Any CPU
		{C1E9B5D3-F7A2-4D8C-E0B4-7C9A1E3B5D7C}.Release|Any CPU.ActiveCfg = Release|Any CPU
		{C1E9B5D3-F7A2-4D8C-E0B4-7C9A1E3B5D7C}.Release|Any CPU.Build.0 = Release|Any CPU
		{C1E9B5D3-F7A2-4D8C-E0B4-7C9A1E3B5D7C}.Release|x64.ActiveCfg = Release|Any CPU
		{C1E9B5D3-F7A2-4D8C-E0B4-7C9A1E3B5D7C}.Release|x64.Build.0 = Release|Any CPU
		{C1E9B5D3-F7A2-4D8C-E0B4-7C9A1E3B5D7C}.Release|x86.ActiveCfg = Release|Any CPU
		{C1E9B5D3-F7A2-4D8C-E0B4-7C9A1E3B5D7C}.Release|x86.Build.0 = Release|Any CPU
		{8DE325B7-0565-4769-B8E1-B1F0FBCF173F}.Debug|Any CPU.ActiveCfg = Debug|Any CPU
		{8DE325B7-0565-4769-B8E1-B1F0FBCF173F}.Debug|Any CPU.Build.0 = Debug|Any CPU
		{8DE325B7-0565-4769-B8E1-B1F0FBCF173F}.Debug|x64.ActiveCfg = Debug|Any CPU
		{8DE325B7-0565-4769-B8E1-B1F0FBCF173F}.Debug|x64.Build.0 = Debug|Any CPU
		{8DE325B7-0565-4769-B8E1-B1F0FBCF173F}.Debug|x86.ActiveCfg = Debug|Any CPU
		{8DE325B7-0565-4769-B8E1-B1F0FBCF173F}.Debug|x86.Build.0 = Debug|Any CPU
		{8DE325B7-0565-4769-B8E1-B1F0FBCF173F}.Release|Any CPU.ActiveCfg = Release|Any CPU
		{8DE325B7-0565-4769-B8E1-B1F0FBCF173F}.Release|Any CPU.Build.0 = Release|Any CPU
		{8DE325B7-0565-4769-B8E1-B1F0FBCF173F}.Release|x64.ActiveCfg = Release|Any CPU
		{8DE325B7-0565-4769-B8E1-B1F0FBCF173F}.Release|x64.Build.0 = Release|Any CPU
		{8DE325B7-0565-4769-B8E1-B1F0FBCF173F}.Release|x86.ActiveCfg = Release|Any CPU
		{8DE325B7-0565-4769-B8E1-B1F0FBCF173F}.Release|x86.Build.0 = Release|Any CPU
		{B00870E8-DF85-4376-8814-67FEE79DA647}.Debug|Any CPU.ActiveCfg = Debug|Any CPU
		{B00870E8-DF85-4376-8814-67FEE79DA647}.Debug|Any CPU.Build.0 = Debug|Any CPU
		{B00870E8-DF85-4376-8814-67FEE79DA647}.Debug|x64.ActiveCfg = Debug|Any CPU
		{B00870E8-DF85-4376-8814-67FEE79DA647}.Debug|x64.Build.0 = Debug|Any CPU
		{B00870E8-DF85-4376-8814-67FEE79DA647}.Debug|x86.ActiveCfg = Debug|Any CPU
		{B00870E8-DF85-4376-8814-67FEE79DA647}.Debug|x86.Build.0 = Debug|Any CPU
		{B00870E8-DF85-4376-8814-67FEE79DA647}.Release|Any CPU.ActiveCfg = Release|Any CPU
		{B00870E8-DF85-4376-8814-67FEE79DA647}.Release|Any CPU.Build.0 = Release|Any CPU
		{B00870E8-DF85-4376-8814-67FEE79DA647}.Release|x64.ActiveCfg = Release|Any CPU
		{B00870E8-DF85-4376-8814-67FEE79DA647}.Release|x64.Build.0 = Release|Any CPU
		{B00870E8-DF85-4376-8814-67FEE79DA647}.Release|x86.ActiveCfg = Release|Any CPU
		{B00870E8-DF85-4376-8814-67FEE79DA647}.Release|x86.Build.0 = Release|Any CPU
		{184CEFD3-3784-4286-88A7-16536FD8F558}.Debug|Any CPU.ActiveCfg = Debug|Any CPU
		{184CEFD3-3784-4286-88A7-16536FD8F558}.Debug|Any CPU.Build.0 = Debug|Any CPU
		{184CEFD3-3784-4286-88A7-16536FD8F558}.Debug|x64.ActiveCfg = Debug|Any CPU
		{184CEFD3-3784-4286-88A7-16536FD8F558}.Debug|x64.Build.0 = Debug|Any CPU
		{184CEFD3-3784-4286-88A7-16536FD8F558}.Debug|x86.ActiveCfg = Debug|Any CPU
		{184CEFD3-3784-4286-88A7-16536FD8F558}.Debug|x86.Build.0 = Debug|Any CPU
		{184CEFD3-3784-4286-88A7-16536FD8F558}.Release|Any CPU.ActiveCfg = Release|Any CPU
		{184CEFD3-3784-4286-88A7-16536FD8F558}.Release|Any CPU.Build.0 = Release|Any CPU
		{184CEFD3-3784-4286-88A7-16536FD8F558}.Release|x64.ActiveCfg = Release|Any CPU
		{184CEFD3-3784-4286-88A7-16536FD8F558}.Release|x64.Build.0 = Release|Any CPU
		{184CEFD3-3784-4286-88A7-16536FD8F558}.Release|x86.ActiveCfg = Release|Any CPU
		{184CEFD3-3784-4286-88A7-16536FD8F558}.Release|x86.Build.0 = Release|Any CPU
		{AC21B3C3-9D2E-4F5F-AB77-73D6E9B5E844}.Debug|Any CPU.ActiveCfg = Debug|Any CPU
		{AC21B3C3-9D2E-4F5F-AB77-73D6E9B5E844}.Debug|Any CPU.Build.0 = Debug|Any CPU
		{AC21B3C3-9D2E-4F5F-AB77-73D6E9B5E844}.Debug|x64.ActiveCfg = Debug|Any CPU
		{AC21B3C3-9D2E-4F5F-AB77-73D6E9B5E844}.Debug|x64.Build.0 = Debug|Any CPU
		{AC21B3C3-9D2E-4F5F-AB77-73D6E9B5E844}.Debug|x86.ActiveCfg = Debug|Any CPU
		{AC21B3C3-9D2E-4F5F-AB77-73D6E9B5E844}.Debug|x86.Build.0 = Debug|Any CPU
		{AC21B3C3-9D2E-4F5F-AB77-73D6E9B5E844}.Release|Any CPU.ActiveCfg = Release|Any CPU
		{AC21B3C3-9D2E-4F5F-AB77-73D6E9B5E844}.Release|Any CPU.Build.0 = Release|Any CPU
		{AC21B3C3-9D2E-4F5F-AB77-73D6E9B5E844}.Release|x64.ActiveCfg = Release|Any CPU
		{AC21B3C3-9D2E-4F5F-AB77-73D6E9B5E844}.Release|x64.Build.0 = Release|Any CPU
		{AC21B3C3-9D2E-4F5F-AB77-73D6E9B5E844}.Release|x86.ActiveCfg = Release|Any CPU
		{AC21B3C3-9D2E-4F5F-AB77-73D6E9B5E844}.Release|x86.Build.0 = Release|Any CPU
		{A5D3F1B9-C7E4-4A8D-F2C0-3E5B7D9F1A3E}.Debug|Any CPU.ActiveCfg = Debug|Any CPU
		{A5D3F1B9-C7E4-4A8D-F2C0-3E5B7D9F1A3E}.Debug|Any CPU.Build.0 = Debug|Any CPU
		{A5D3F1B9-C7E4-4A8D-F2C0-3E5B7D9F1A3E}.Debug|x64.ActiveCfg = Debug|Any CPU
		{A5D3F1B9-C7E4-4A8D-F2C0-3E5B7D9F1A3E}.Debug|x64.Build.0 = Debug|Any CPU
		{A5D3F1B9-C7E4-4A8D-F2C0-3E5B7D9F1A3E}.Debug|x86.ActiveCfg = Debug|Any CPU
		{A5D3F1B9-C7E4-4A8D-F2C0-3E5B7D9F1A3E}.Debug|x86.Build.0 = Debug|Any CPU
		{A5D3F1B9-C7E4-4A8D-F2C0-3E5B7D9F1A3E}.Release|Any CPU.ActiveCfg = Release|Any CPU
		{A5D3F1B9-C7E4-4A8D-F2C0-3E5B7D9F1A3E}.Release|Any CPU.Build.0 = Release|Any CPU
		{A5D3F1B9-C7E4-4A8D-F2C0-3E5B7D9F1A3E}.Release|x64.ActiveCfg = Release|Any CPU
		{A5D3F1B9-C7E4-4A8D-F2C0-3E5B7D9F1A3E}.Release|x64.Build.0 = Release|Any CPU
		{A5D3F1B9-C7E4-4A8D-F2C0-3E5B7D9F1A3E}.Release|x86.ActiveCfg = Release|Any CPU
		{A5D3F1B9-C7E4-4A8D-F2C0-3E5B7D9F1A3E}.Release|x86.Build.0 = Release|Any CPU
		{B9E5C3A7-D1F6-4B8A-C4E2-9D1F3B5A7C9D}.Debug|Any CPU.ActiveCfg = Debug|Any CPU
		{B9E5C3A7-D1F6-4B8A-C4E2-9D1F3B5A7C9D}.Debug|Any CPU.Build.0 = Debug|Any CPU
		{B9E5C3A7-D1F6-4B8A-C4E2-9D1F3B5A7C9D}.Debug|x64.ActiveCfg = Debug|Any CPU
		{B9E5C3A7-D1F6-4B8A-C4E2-9D1F3B5A7C9D}.Debug|x64.Build.0 = Debug|Any CPU
		{B9E5C3A7-D1F6-4B8A-C4E2-9D1F3B5A7C9D}.Debug|x86.ActiveCfg = Debug|Any CPU
		{B9E5C3A7-D1F6-4B8A-C4E2-9D1F3B5A7C9D}.Debug|x86.Build.0 = Debug|Any CPU
		{B9E5C3A7-D1F6-4B8A-C4E2-9D1F3B5A7C9D}.Release|Any CPU.ActiveCfg = Release|Any CPU
		{B9E5C3A7-D1F6-4B8A-C4E2-9D1F3B5A7C9D}.Release|Any CPU.Build.0 = Release|Any CPU
		{B9E5C3A7-D1F6-4B8A-C4E2-9D1F3B5A7C9D}.Release|x64.ActiveCfg = Release|Any CPU
		{B9E5C3A7-D1F6-4B8A-C4E2-9D1F3B5A7C9D}.Release|x64.Build.0 = Release|Any CPU
		{B9E5C3A7-D1F6-4B8A-C4E2-9D1F3B5A7C9D}.Release|x86.ActiveCfg = Release|Any CPU
		{B9E5C3A7-D1F6-4B8A-C4E2-9D1F3B5A7C9D}.Release|x86.Build.0 = Release|Any CPU
	EndGlobalSection
	GlobalSection(SolutionProperties) = preSolution
		HideSolutionNode = FALSE
	EndGlobalSection
	GlobalSection(NestedProjects) = preSolution
		{34B747F8-CE49-4F10-9794-BCA6D8F9E697} = {827E0CD3-B72D-47B6-A68D-7590B98EB39B}
		{D3A7F1C9-E5B2-4A8F-9D6E-1C3B5A7F9D2E} = {827E0CD3-B72D-47B6-A68D-7590B98EB39B}
		{F9C5A3E7-B1D4-4C8E-A2F6-3B5D7C9E1A3F} = {827E0CD3-B72D-47B6-A68D-7590B98EB39B}
		{E7B3D1F5-A9C4-4E8B-D2F0-5A7C9E1B3D5F} = {827E0CD3-B72D-47B6-A68D-7590B98EB39B}
		{C1E9B5D3-F7A2-4D8C-E0B4-7C9A1E3B5D7C} = {827E0CD3-B72D-47B6-A68D-7590B98EB39B}
		{8DE325B7-0565-4769-B8E1-B1F0FBCF173F} = {827E0CD3-B72D-47B6-A68D-7590B98EB39B}
		{B00870E8-DF85-4376-8814-67FEE79DA647} = {827E0CD3-B72D-47B6-A68D-7590B98EB39B}
		{184CEFD3-3784-4286-88A7-16536FD8F558} = {827E0CD3-B72D-47B6-A68D-7590B98EB39B}
		{AC21B3C3-9D2E-4F5F-AB77-73D6E9B5E844} = {0AB3BF05-4346-4AA6-1389-037BE0695223}
		{A5D3F1B9-C7E4-4A8D-F2C0-3E5B7D9F1A3E} = {0AB3BF05-4346-4AA6-1389-037BE0695223}
		{B9E5C3A7-D1F6-4B8A-C4E2-9D1F3B5A7C9D} = {0AB3BF05-4346-4AA6-1389-037BE0695223}
	EndGlobalSection
EndGlobal
